
Microsoft Visual Studio Solution File, Format Version 12.00
# Visual Studio 2012
Project("{FAE04EC0-301F-11D3-BF4B-00C04F79EFBC}") = "OEmbedSharp", "OEmbedSharp\OEmbedSharp.csproj", "{61BDBEB6-143A-47E7-890B-DB6EA013938B}"
EndProject
Global
	GlobalSection(SolutionConfigurationPlatforms) = preSolution
		Debug|Any CPU = Debug|Any CPU
		Release|Any CPU = Release|Any CPU
	EndGlobalSection
	GlobalSection(ProjectConfigurationPlatforms) = postSolution
		{61BDBEB6-143A-47E7-890B-DB6EA013938B}.Debug|Any CPU.ActiveCfg = Debug|Any CPU
		{61BDBEB6-143A-47E7-890B-DB6EA013938B}.Debug|Any CPU.Build.0 = Debug|Any CPU
		{61BDBEB6-143A-47E7-890B-DB6EA013938B}.Release|Any CPU.ActiveCfg = Release|Any CPU
		{61BDBEB6-143A-47E7-890B-DB6EA013938B}.Release|Any CPU.Build.0 = Release|Any CPU
	EndGlobalSection
	GlobalSection(SolutionProperties) = preSolution
		HideSolutionNode = FALSE
	EndGlobalSection
EndGlobal
